# This file is autogenerated, do not edit; changes may be undone by the next 'dep ensure'.


[[projects]]
  digest = "1:7f21fa1f8ab9a529dba26a7e9cf20de217c307fa1d96cb599d3afd9e5c83e9d6"
  name = "github.com/container-storage-interface/spec"
  packages = ["lib/go/csi"]
  pruneopts = "NUT"
  revision = "f750e6765f5f6b4ac0e13e95214d58901290fb4b"
  version = "v1.1.0"

[[projects]]
  digest = "1:b60efdeb75d3c0ceed88783ac2495256aba3491a537d0f31401202579fd62a94"
  name = "github.com/golang/mock"
  packages = ["gomock"]
  pruneopts = "NUT"
  revision = "51421b967af1f557f93a59e0057aaf15ca02e29c"
  version = "v1.2.0"

[[projects]]
  digest = "1:f0ba580759848d2bb230cb37bc288690f92812d0850112e07ecbd1b727f3d973"
  name = "github.com/golang/protobuf"
  packages = [
    "descriptor",
    "proto",
    "protoc-gen-go/descriptor",
    "ptypes",
    "ptypes/any",
    "ptypes/duration",
    "ptypes/timestamp",
    "ptypes/wrappers",
  ]
  pruneopts = "NUT"
  revision = "b5d812f8a3706043e23a9cd5babf2e5423744d30"
  version = "v1.3.1"

[[projects]]
  digest = "1:d30f642c5423197aeba2c9f4da486602c51564a9d2c71f5725688bd051ab1d4a"
  name = "github.com/kubernetes-csi/csi-lib-utils"
  packages = [
    "connection",
    "deprecatedflags",
    "protosanitizer",
    "rpc",
  ]
  pruneopts = "NUT"
  revision = "b8b7a89535d80e12f2c0f4c53cfb981add8aaca2"
  version = "v0.6.1"

[[projects]]
  digest = "1:189ada87769e6bd22de67cf8d5ac2f348070e7bcc4cdc5be3aaa5b19758e8fc2"
  name = "github.com/kubernetes-csi/csi-test"
  packages = [
    "driver",
    "utils",
  ]
  pruneopts = "NUT"
  revision = "5421d9f3c37be3b95b241b44a094a3db11bee789"
  version = "v2.0.0"

[[projects]]
  branch = "master"
  digest = "1:b749e029ef289fc2242b74ac82e8e7bcbd34109daf57b42d30c0804cd635bcc3"
  name = "golang.org/x/net"
  packages = [
    "context",
    "http/httpguts",
    "http2",
    "http2/hpack",
    "idna",
    "internal/timeseries",
    "trace",
  ]
  pruneopts = "NUT"
  revision = "eb5bcb51f2a31c7d5141d810b70815c05d9c9146"

[[projects]]
  branch = "master"
  digest = "1:6340f2bc34a845d3f5141cb87916197518eebc94490f46aefe430b666a322606"
  name = "golang.org/x/sys"
  packages = ["unix"]
  pruneopts = "NUT"
  revision = "97732733099d6a942a73b889770774366de963ed"

[[projects]]
  digest = "1:e7071ed636b5422cc51c0e3a6cebc229d6c9fffc528814b519a980641422d619"
  name = "golang.org/x/text"
  packages = [
    "collate",
    "collate/build",
    "internal/colltab",
    "internal/gen",
    "internal/tag",
    "internal/triegen",
    "internal/ucd",
    "language",
    "secure/bidirule",
    "transform",
    "unicode/bidi",
    "unicode/cldr",
    "unicode/norm",
    "unicode/rangetable",
  ]
  pruneopts = "NUT"
  revision = "f21a4dfb5e38f5895301dc265a8def02365cc3d0"
  version = "v0.3.0"

[[projects]]
  branch = "master"
  digest = "1:c3076e7defee87de1236f1814beb588f40a75544c60121e6eb38b3b3721783e2"
  name = "google.golang.org/genproto"
  packages = ["googleapis/rpc/status"]
  pruneopts = "NUT"
  revision = "64821d5d210748c883cd2b809589555ae4654203"

[[projects]]
  digest = "1:eb07745d89cce9a7339927b3095aea7083a2cbf60e317568bedcc5da588a2798"
  name = "google.golang.org/grpc"
  packages = [
    ".",
    "balancer",
    "balancer/base",
    "balancer/roundrobin",
    "binarylog/grpc_binarylog_v1",
    "codes",
    "connectivity",
    "credentials",
    "credentials/internal",
    "encoding",
    "encoding/proto",
    "grpclog",
    "internal",
    "internal/backoff",
    "internal/balancerload",
    "internal/binarylog",
    "internal/channelz",
    "internal/envconfig",
    "internal/grpcrand",
    "internal/grpcsync",
    "internal/syscall",
    "internal/transport",
    "keepalive",
    "metadata",
    "naming",
    "peer",
    "reflection",
    "reflection/grpc_reflection_v1alpha",
    "resolver",
    "resolver/dns",
    "resolver/passthrough",
    "stats",
    "status",
    "tap",
  ]
  pruneopts = "NUT"
  revision = "236199dd5f8031d698fb64091194aecd1c3895b2"
  version = "v1.20.0"

[[projects]]
  digest = "1:2c16dda1c44c2564a7818fbacb701323c16d77c21b969987c1bec08d3ee0b050"
  name = "k8s.io/klog"
  packages = ["."]
  pruneopts = "NUT"
  revision = "e531227889390a39d9533dde61f590fe9f4b0035"
  version = "v0.3.0"

[solve-meta]
  analyzer-name = "dep"
  analyzer-version = 1
  input-imports = [
    "github.com/container-storage-interface/spec/lib/go/csi",
    "github.com/golang/mock/gomock",
    "github.com/kubernetes-csi/csi-lib-utils/connection",
    "github.com/kubernetes-csi/csi-lib-utils/deprecatedflags",
    "github.com/kubernetes-csi/csi-lib-utils/rpc",
    "github.com/kubernetes-csi/csi-test/driver",
    "google.golang.org/grpc",
    "k8s.io/klog",
  ]
  solver-name = "gps-cdcl"
  solver-version = 1
